{
  "name": "ue-codebase-mcp",
  "version": "0.1.0",
  "lockfileVersion": 3,
  "requires": true,
  "packages": {
    "": {
      "name": "ue-codebase-mcp",
      "version": "0.1.0",
      "license": "UNLICENSED",
      "workspaces": [
        "apps/*",
        "services/*",
        "workers/*",
        "packages/*"
      ],
      "engines": {
        "node": "24.18.0",
        "npm": "11.16.0"
      }
    },
    "node_modules/@ue-codebase-mcp/auth": {
      "resolved": "packages/auth",
      "link": true
    },
    "node_modules/@ue-codebase-mcp/clang-indexer": {
      "resolved": "workers/clang-indexer",
      "link": true
    },
    "node_modules/@ue-codebase-mcp/config": {
      "resolved": "packages/config",
      "link": true
    },
    "node_modules/@ue-codebase-mcp/index-coordinator": {
      "resolved": "services/index-coordinator",
      "link": true
    },
    "node_modules/@ue-codebase-mcp/provider-sdk": {
      "resolved": "packages/provider-sdk",
      "link": true
    },
    "node_modules/@ue-codebase-mcp/svn-adapter": {
      "resolved": "workers/svn-adapter",
      "link": true
    },
    "node_modules/@ue-codebase-mcp/windows-agent": {
      "resolved": "workers/windows-agent",
      "link": true
    },
    "packages/auth": {
      "name": "@ue-codebase-mcp/auth",
      "version": "0.1.0",
      "license": "UNLICENSED",
      "engines": {
        "node": "24.18.0"
      }
    },
    "packages/config": {
      "name": "@ue-codebase-mcp/config",
      "version": "0.1.0",
      "license": "UNLICENSED",
      "engines": {
        "node": "24.18.0"
      }
    },
    "packages/provider-sdk": {
      "name": "@ue-codebase-mcp/provider-sdk",
      "version": "0.1.0",
      "license": "UNLICENSED",
      "engines": {
        "node": "24.18.0"
      }
    },
    "services/index-coordinator": {
      "name": "@ue-codebase-mcp/index-coordinator",
      "version": "0.1.0",
      "license": "UNLICENSED",
      "engines": {
        "node": "24.18.0"
      }
    },
    "workers/clang-indexer": {
      "name": "@ue-codebase-mcp/clang-indexer",
      "version": "0.1.0",
      "license": "UNLICENSED",
      "engines": {
        "node": "24.18.0"
      }
    },
    "workers/svn-adapter": {
      "name": "@ue-codebase-mcp/svn-adapter",
      "version": "0.1.0",
      "license": "UNLICENSED",
      "engines": {
        "node": "24.18.0"
      }
    },
    "workers/windows-agent": {
      "name": "@ue-codebase-mcp/windows-agent",
      "version": "0.1.0",
      "license": "UNLICENSED",
      "engines": {
        "node": "24.18.0"
      }
    }
  }
}
